
Microsoft Visual Studio Solution File, Format Version 11.00
# Visual Studio 2010
Project("{8BC9CEB8-8B4A-11D0-8D11-00A0C91BC942}") = "MyMaze", "MyMaze\MyMaze.vcxproj", "{DDEC1FAB-0137-4B26-BC41-4E7F3E9503DD}"
EndProject
Global
	GlobalSection(SolutionConfigurationPlatforms) = preSolution
		Debug|Win32 = Debug|Win32
		Release|Win32 = Release|Win32
	EndGlobalSection
	GlobalSection(ProjectConfigurationPlatforms) = postSolution
		{DDEC1FAB-0137-4B26-BC41-4E7F3E9503DD}.Debug|Win32.ActiveCfg = Debug|Win32
		{DDEC1FAB-0137-4B26-BC41-4E7F3E9503DD}.Debug|Win32.Build.0 = Debug|Win32
		{DDEC1FAB-0137-4B26-BC41-4E7F3E9503DD}.Release|Win32.ActiveCfg = Release|Win32
		{DDEC1FAB-0137-4B26-BC41-4E7F3E9503DD}.Release|Win32.Build.0 = Release|Win32
	EndGlobalSection
	GlobalSection(SolutionProperties) = preSolution
		HideSolutionNode = FALSE
	EndGlobalSection
EndGlobal
