
Microsoft Visual Studio Solution File, Format Version 10.00
# Visual Studio 2008
Project("{8BC9CEB8-8B4A-11D0-8D11-00A0C91BC942}") = "SubWayLine", "SubWayLine\SubWayLine.vcproj", "{5970B024-C223-4235-B7F8-D4E0508608AB}"
EndProject
Global
	GlobalSection(SolutionConfigurationPlatforms) = preSolution
		Debug|Win32 = Debug|Win32
		Release|Win32 = Release|Win32
	EndGlobalSection
	GlobalSection(ProjectConfigurationPlatforms) = postSolution
		{5970B024-C223-4235-B7F8-D4E0508608AB}.Debug|Win32.ActiveCfg = Debug|Win32
		{5970B024-C223-4235-B7F8-D4E0508608AB}.Debug|Win32.Build.0 = Debug|Win32
		{5970B024-C223-4235-B7F8-D4E0508608AB}.Release|Win32.ActiveCfg = Release|Win32
		{5970B024-C223-4235-B7F8-D4E0508608AB}.Release|Win32.Build.0 = Release|Win32
	EndGlobalSection
	GlobalSection(SolutionProperties) = preSolution
		HideSolutionNode = FALSE
	EndGlobalSection
EndGlobal
